// !$*UTF8*$!
{
	archiveVersion = 1;
	classes = {
	};
	objectVersion = 48;
	objects = {

/* Begin PBXBuildFile section */
		04BA0E6033F84BB069474CC4 /* Pods_Drive2StudyAppUITests.framework in Frameworks */ = {isa = PBXBuildFile; fileRef = DA8946BBC88DD5E41363A32E /* Pods_Drive2StudyAppUITests.framework */; };
		09EF0B9C918191338935C452 /* Pods_Drive2StudyAppTests.framework in Frameworks */ = {isa = PBXBuildFile; fileRef = EE3019924BAE5971AE2FA3F7 /* Pods_Drive2StudyAppTests.framework */; };
		4795CE1B1FFAA06600BB54FE /* libsqlite3.0.tbd in Frameworks */ = {isa = PBXBuildFile; fileRef = 4795CE1A1FFAA06600BB54FE /* libsqlite3.0.tbd */; };
		47B95A341FF1794000C4569D /* MainTabScreenController.swift in Sources */ = {isa = PBXBuildFile; fileRef = 47B95A331FF1794000C4569D /* MainTabScreenController.swift */; };
		47B95A361FF187FE00C4569D /* MapViewController.swift in Sources */ = {isa = PBXBuildFile; fileRef = 47B95A351FF187FE00C4569D /* MapViewController.swift */; };
		47ED74161FF2AF8F0040F2C2 /* DriveViewController.swift in Sources */ = {isa = PBXBuildFile; fileRef = 47ED74151FF2AF8F0040F2C2 /* DriveViewController.swift */; };
		47ED74181FF2B0810040F2C2 /* RideViewController.swift in Sources */ = {isa = PBXBuildFile; fileRef = 47ED74171FF2B0810040F2C2 /* RideViewController.swift */; };
		47F212721FFAC6390066C8C7 /* LastUpdateTable.swift in Sources */ = {isa = PBXBuildFile; fileRef = 47F2126C1FFAC6380066C8C7 /* LastUpdateTable.swift */; };
		47F212731FFAC6390066C8C7 /* Student+sql.swift in Sources */ = {isa = PBXBuildFile; fileRef = 47F2126D1FFAC6380066C8C7 /* Student+sql.swift */; };
		47F212741FFAC6390066C8C7 /* Date+firebase.swift in Sources */ = {isa = PBXBuildFile; fileRef = 47F2126E1FFAC6380066C8C7 /* Date+firebase.swift */; };
		47F212751FFAC6390066C8C7 /* Model.swift in Sources */ = {isa = PBXBuildFile; fileRef = 47F2126F1FFAC6390066C8C7 /* Model.swift */; };
		47F212761FFAC6390066C8C7 /* ModelSql.swift in Sources */ = {isa = PBXBuildFile; fileRef = 47F212701FFAC6390066C8C7 /* ModelSql.swift */; };
		47F212771FFAC6390066C8C7 /* ModelFirebase.swift in Sources */ = {isa = PBXBuildFile; fileRef = 47F212711FFAC6390066C8C7 /* ModelFirebase.swift */; };
		78B815CAE7E52B22FE942A2E /* Pods_Drive2StudyApp.framework in Frameworks */ = {isa = PBXBuildFile; fileRef = A732DC3940A7C2647A77B8C3 /* Pods_Drive2StudyApp.framework */; };
		84B78AE51FF533140068C051 /* ChatTableViewController.swift in Sources */ = {isa = PBXBuildFile; fileRef = 84B78AE41FF533140068C051 /* ChatTableViewController.swift */; };
		84B78AE71FF53DE50068C051 /* ConnectionsTableViewController.swift in Sources */ = {isa = PBXBuildFile; fileRef = 84B78AE61FF53DE50068C051 /* ConnectionsTableViewController.swift */; };
		84B78AE91FF540310068C051 /* NewMessageChatSectionViewController.swift in Sources */ = {isa = PBXBuildFile; fileRef = 84B78AE81FF540310068C051 /* NewMessageChatSectionViewController.swift */; };
		84B78AEE1FF552A90068C051 /* DesignableView.swift in Sources */ = {isa = PBXBuildFile; fileRef = 84B78AED1FF552A90068C051 /* DesignableView.swift */; };
		84B78AF01FF555480068C051 /* ChooseLocationViewController.swift in Sources */ = {isa = PBXBuildFile; fileRef = 84B78AEF1FF555480068C051 /* ChooseLocationViewController.swift */; };
		D13E96201FF2D155000F5C34 /* ProfileViewController.swift in Sources */ = {isa = PBXBuildFile; fileRef = D13E961F1FF2D155000F5C34 /* ProfileViewController.swift */; };
		D13E96231FF2D8F0000F5C34 /* ProfileEditController.swift in Sources */ = {isa = PBXBuildFile; fileRef = D13E96221FF2D8F0000F5C34 /* ProfileEditController.swift */; };
		D13F03C41FEEA72400606D0C /* ForgotPasswordController.swift in Sources */ = {isa = PBXBuildFile; fileRef = D13F03C31FEEA72400606D0C /* ForgotPasswordController.swift */; };
		D13F03C61FEEB46C00606D0C /* CreateNewPasswordController.swift in Sources */ = {isa = PBXBuildFile; fileRef = D13F03C51FEEB46C00606D0C /* CreateNewPasswordController.swift */; };
		D13F03C91FEEBB8400606D0C /* RegisterController.swift in Sources */ = {isa = PBXBuildFile; fileRef = D13F03C81FEEBB8400606D0C /* RegisterController.swift */; };
		D149CC511FF40D8E006F57C1 /* Student.swift in Sources */ = {isa = PBXBuildFile; fileRef = D149CC501FF40D8E006F57C1 /* Student.swift */; };
		D16823381FEE712200A1527E /* AppDelegate.swift in Sources */ = {isa = PBXBuildFile; fileRef = D16823371FEE712200A1527E /* AppDelegate.swift */; };
		D168233A1FEE712200A1527E /* ViewController.swift in Sources */ = {isa = PBXBuildFile; fileRef = D16823391FEE712200A1527E /* ViewController.swift */; };
		D168233D1FEE712200A1527E /* Main.storyboard in Resources */ = {isa = PBXBuildFile; fileRef = D168233B1FEE712200A1527E /* Main.storyboard */; };
		D168233F1FEE712200A1527E /* Assets.xcassets in Resources */ = {isa = PBXBuildFile; fileRef = D168233E1FEE712200A1527E /* Assets.xcassets */; };
		D16823421FEE712200A1527E /* LaunchScreen.storyboard in Resources */ = {isa = PBXBuildFile; fileRef = D16823401FEE712200A1527E /* LaunchScreen.storyboard */; };
		D168234D1FEE712300A1527E /* Drive2StudyAppTests.swift in Sources */ = {isa = PBXBuildFile; fileRef = D168234C1FEE712300A1527E /* Drive2StudyAppTests.swift */; };
		D16823581FEE712300A1527E /* Drive2StudyAppUITests.swift in Sources */ = {isa = PBXBuildFile; fileRef = D16823571FEE712300A1527E /* Drive2StudyAppUITests.swift */; };
		D16823661FEE718E00A1527E /* SigninWithEmailContoller.swift in Sources */ = {isa = PBXBuildFile; fileRef = D16823651FEE718E00A1527E /* SigninWithEmailContoller.swift */; };
		D16823681FEE72EE00A1527E /* GoogleService-Info.plist in Resources */ = {isa = PBXBuildFile; fileRef = D16823671FEE72EE00A1527E /* GoogleService-Info.plist */; };
/* End PBXBuildFile section */

/* Begin PBXContainerItemProxy section */
		D16823491FEE712300A1527E /* PBXContainerItemProxy */ = {
			isa = PBXContainerItemProxy;
			containerPortal = D168232C1FEE712200A1527E /* Project object */;
			proxyType = 1;
			remoteGlobalIDString = D16823331FEE712200A1527E;
			remoteInfo = Drive2StudyApp;
		};
		D16823541FEE712300A1527E /* PBXContainerItemProxy */ = {
			isa = PBXContainerItemProxy;
			containerPortal = D168232C1FEE712200A1527E /* Project object */;
			proxyType = 1;
			remoteGlobalIDString = D16823331FEE712200A1527E;
			remoteInfo = Drive2StudyApp;
		};
/* End PBXContainerItemProxy section */

/* Begin PBXFileReference section */
		1802073A40FDBBAD2E893C0A /* Pods-Drive2StudyAppUITests.debug.xcconfig */ = {isa = PBXFileReference; includeInIndex = 1; lastKnownFileType = text.xcconfig; name = "Pods-Drive2StudyAppUITests.debug.xcconfig"; path = "Pods/Target Support Files/Pods-Drive2StudyAppUITests/Pods-Drive2StudyAppUITests.debug.xcconfig"; sourceTree = "<group>"; };
		4795CE1A1FFAA06600BB54FE /* libsqlite3.0.tbd */ = {isa = PBXFileReference; lastKnownFileType = "sourcecode.text-based-dylib-definition"; name = libsqlite3.0.tbd; path = usr/lib/libsqlite3.0.tbd; sourceTree = SDKROOT; };
		4795CE1C1FFAA10500BB54FE /* Drive2StudyApp-Bridging-Header.h */ = {isa = PBXFileReference; lastKnownFileType = sourcecode.c.h; path = "Drive2StudyApp-Bridging-Header.h"; sourceTree = "<group>"; };
		47B95A331FF1794000C4569D /* MainTabScreenController.swift */ = {isa = PBXFileReference; lastKnownFileType = sourcecode.swift; path = MainTabScreenController.swift; sourceTree = "<group>"; };
		47B95A351FF187FE00C4569D /* MapViewController.swift */ = {isa = PBXFileReference; lastKnownFileType = sourcecode.swift; path = MapViewController.swift; sourceTree = "<group>"; };
		47ED74151FF2AF8F0040F2C2 /* DriveViewController.swift */ = {isa = PBXFileReference; lastKnownFileType = sourcecode.swift; path = DriveViewController.swift; sourceTree = "<group>"; };
		47ED74171FF2B0810040F2C2 /* RideViewController.swift */ = {isa = PBXFileReference; lastKnownFileType = sourcecode.swift; path = RideViewController.swift; sourceTree = "<group>"; };
		47F2126C1FFAC6380066C8C7 /* LastUpdateTable.swift */ = {isa = PBXFileReference; fileEncoding = 4; lastKnownFileType = sourcecode.swift; path = LastUpdateTable.swift; sourceTree = "<group>"; };
		47F2126D1FFAC6380066C8C7 /* Student+sql.swift */ = {isa = PBXFileReference; fileEncoding = 4; lastKnownFileType = sourcecode.swift; name = "Student+sql.swift"; path = "../../../../Downloads/TestFb/TestFb/Student+sql.swift"; sourceTree = "<group>"; };
		47F2126E1FFAC6380066C8C7 /* Date+firebase.swift */ = {isa = PBXFileReference; fileEncoding = 4; lastKnownFileType = sourcecode.swift; path = "Date+firebase.swift"; sourceTree = "<group>"; };
		47F2126F1FFAC6390066C8C7 /* Model.swift */ = {isa = PBXFileReference; fileEncoding = 4; lastKnownFileType = sourcecode.swift; name = Model.swift; path = ../../../../Downloads/TestFb/TestFb/Model.swift; sourceTree = "<group>"; };
		47F212701FFAC6390066C8C7 /* ModelSql.swift */ = {isa = PBXFileReference; fileEncoding = 4; lastKnownFileType = sourcecode.swift; name = ModelSql.swift; path = ../../../../Downloads/TestFb/TestFb/ModelSql.swift; sourceTree = "<group>"; };
		47F212711FFAC6390066C8C7 /* ModelFirebase.swift */ = {isa = PBXFileReference; fileEncoding = 4; lastKnownFileType = sourcecode.swift; name = ModelFirebase.swift; path = ../../../../Downloads/TestFb/TestFb/ModelFirebase.swift; sourceTree = "<group>"; };
		61EF2AAF4CC80559A2E28DBE /* Pods-Drive2StudyApp.debug.xcconfig */ = {isa = PBXFileReference; includeInIndex = 1; lastKnownFileType = text.xcconfig; name = "Pods-Drive2StudyApp.debug.xcconfig"; path = "Pods/Target Support Files/Pods-Drive2StudyApp/Pods-Drive2StudyApp.debug.xcconfig"; sourceTree = "<group>"; };
		6B4260F51E196179156591B2 /* Pods-Drive2StudyApp.release.xcconfig */ = {isa = PBXFileReference; includeInIndex = 1; lastKnownFileType = text.xcconfig; name = "Pods-Drive2StudyApp.release.xcconfig"; path = "Pods/Target Support Files/Pods-Drive2StudyApp/Pods-Drive2StudyApp.release.xcconfig"; sourceTree = "<group>"; };
		84B78AE41FF533140068C051 /* ChatTableViewController.swift */ = {isa = PBXFileReference; lastKnownFileType = sourcecode.swift; path = ChatTableViewController.swift; sourceTree = "<group>"; };
		84B78AE61FF53DE50068C051 /* ConnectionsTableViewController.swift */ = {isa = PBXFileReference; lastKnownFileType = sourcecode.swift; path = ConnectionsTableViewController.swift; sourceTree = "<group>"; };
		84B78AE81FF540310068C051 /* NewMessageChatSectionViewController.swift */ = {isa = PBXFileReference; lastKnownFileType = sourcecode.swift; path = NewMessageChatSectionViewController.swift; sourceTree = "<group>"; };
		84B78AED1FF552A90068C051 /* DesignableView.swift */ = {isa = PBXFileReference; lastKnownFileType = sourcecode.swift; path = DesignableView.swift; sourceTree = "<group>"; };
		84B78AEF1FF555480068C051 /* ChooseLocationViewController.swift */ = {isa = PBXFileReference; lastKnownFileType = sourcecode.swift; path = ChooseLocationViewController.swift; sourceTree = "<group>"; };
		8CDFD535662E3BA42561B8D5 /* Pods-Drive2StudyAppUITests.release.xcconfig */ = {isa = PBXFileReference; includeInIndex = 1; lastKnownFileType = text.xcconfig; name = "Pods-Drive2StudyAppUITests.release.xcconfig"; path = "Pods/Target Support Files/Pods-Drive2StudyAppUITests/Pods-Drive2StudyAppUITests.release.xcconfig"; sourceTree = "<group>"; };
		9E9E1C431F4087AE269F177A /* Pods-Drive2StudyAppTests.debug.xcconfig */ = {isa = PBXFileReference; includeInIndex = 1; lastKnownFileType = text.xcconfig; name = "Pods-Drive2StudyAppTests.debug.xcconfig"; path = "Pods/Target Support Files/Pods-Drive2StudyAppTests/Pods-Drive2StudyAppTests.debug.xcconfig"; sourceTree = "<group>"; };
		A732DC3940A7C2647A77B8C3 /* Pods_Drive2StudyApp.framework */ = {isa = PBXFileReference; explicitFileType = wrapper.framework; includeInIndex = 0; path = Pods_Drive2StudyApp.framework; sourceTree = BUILT_PRODUCTS_DIR; };
		BFDFDBE8DC1245FAB9079C09 /* Pods-Drive2StudyAppTests.release.xcconfig */ = {isa = PBXFileReference; includeInIndex = 1; lastKnownFileType = text.xcconfig; name = "Pods-Drive2StudyAppTests.release.xcconfig"; path = "Pods/Target Support Files/Pods-Drive2StudyAppTests/Pods-Drive2StudyAppTests.release.xcconfig"; sourceTree = "<group>"; };
		D13E961F1FF2D155000F5C34 /* ProfileViewController.swift */ = {isa = PBXFileReference; lastKnownFileType = sourcecode.swift; path = ProfileViewController.swift; sourceTree = "<group>"; };
		D13E96221FF2D8F0000F5C34 /* ProfileEditController.swift */ = {isa = PBXFileReference; lastKnownFileType = sourcecode.swift; path = ProfileEditController.swift; sourceTree = "<group>"; };
		D13F03C31FEEA72400606D0C /* ForgotPasswordController.swift */ = {isa = PBXFileReference; lastKnownFileType = sourcecode.swift; path = ForgotPasswordController.swift; sourceTree = "<group>"; };
		D13F03C51FEEB46C00606D0C /* CreateNewPasswordController.swift */ = {isa = PBXFileReference; lastKnownFileType = sourcecode.swift; path = CreateNewPasswordController.swift; sourceTree = "<group>"; };
		D13F03C81FEEBB8400606D0C /* RegisterController.swift */ = {isa = PBXFileReference; lastKnownFileType = sourcecode.swift; path = RegisterController.swift; sourceTree = "<group>"; };
		D149CC501FF40D8E006F57C1 /* Student.swift */ = {isa = PBXFileReference; lastKnownFileType = sourcecode.swift; path = Student.swift; sourceTree = "<group>"; };
		D16823341FEE712200A1527E /* Drive2StudyApp.app */ = {isa = PBXFileReference; explicitFileType = wrapper.application; includeInIndex = 0; path = Drive2StudyApp.app; sourceTree = BUILT_PRODUCTS_DIR; };
		D16823371FEE712200A1527E /* AppDelegate.swift */ = {isa = PBXFileReference; lastKnownFileType = sourcecode.swift; path = AppDelegate.swift; sourceTree = "<group>"; };
		D16823391FEE712200A1527E /* ViewController.swift */ = {isa = PBXFileReference; lastKnownFileType = sourcecode.swift; path = ViewController.swift; sourceTree = "<group>"; };
		D168233C1FEE712200A1527E /* Base */ = {isa = PBXFileReference; lastKnownFileType = file.storyboard; name = Base; path = Base.lproj/Main.storyboard; sourceTree = "<group>"; };
		D168233E1FEE712200A1527E /* Assets.xcassets */ = {isa = PBXFileReference; lastKnownFileType = folder.assetcatalog; path = Assets.xcassets; sourceTree = "<group>"; };
		D16823411FEE712200A1527E /* Base */ = {isa = PBXFileReference; lastKnownFileType = file.storyboard; name = Base; path = Base.lproj/LaunchScreen.storyboard; sourceTree = "<group>"; };
		D16823431FEE712200A1527E /* Info.plist */ = {isa = PBXFileReference; lastKnownFileType = text.plist.xml; path = Info.plist; sourceTree = "<group>"; };
		D16823481FEE712300A1527E /* Drive2StudyAppTests.xctest */ = {isa = PBXFileReference; explicitFileType = wrapper.cfbundle; includeInIndex = 0; path = Drive2StudyAppTests.xctest; sourceTree = BUILT_PRODUCTS_DIR; };
		D168234C1FEE712300A1527E /* Drive2StudyAppTests.swift */ = {isa = PBXFileReference; lastKnownFileType = sourcecode.swift; path = Drive2StudyAppTests.swift; sourceTree = "<group>"; };
		D168234E1FEE712300A1527E /* Info.plist */ = {isa = PBXFileReference; lastKnownFileType = text.plist.xml; path = Info.plist; sourceTree = "<group>"; };
		D16823531FEE712300A1527E /* Drive2StudyAppUITests.xctest */ = {isa = PBXFileReference; explicitFileType = wrapper.cfbundle; includeInIndex = 0; path = Drive2StudyAppUITests.xctest; sourceTree = BUILT_PRODUCTS_DIR; };
		D16823571FEE712300A1527E /* Drive2StudyAppUITests.swift */ = {isa = PBXFileReference; lastKnownFileType = sourcecode.swift; path = Drive2StudyAppUITests.swift; sourceTree = "<group>"; };
		D16823591FEE712300A1527E /* Info.plist */ = {isa = PBXFileReference; lastKnownFileType = text.plist.xml; path = Info.plist; sourceTree = "<group>"; };
		D16823651FEE718E00A1527E /* SigninWithEmailContoller.swift */ = {isa = PBXFileReference; lastKnownFileType = sourcecode.swift; path = SigninWithEmailContoller.swift; sourceTree = "<group>"; };
		D16823671FEE72EE00A1527E /* GoogleService-Info.plist */ = {isa = PBXFileReference; fileEncoding = 4; lastKnownFileType = text.plist.xml; path = "GoogleService-Info.plist"; sourceTree = "<group>"; };
		DA8946BBC88DD5E41363A32E /* Pods_Drive2StudyAppUITests.framework */ = {isa = PBXFileReference; explicitFileType = wrapper.framework; includeInIndex = 0; path = Pods_Drive2StudyAppUITests.framework; sourceTree = BUILT_PRODUCTS_DIR; };
		EE3019924BAE5971AE2FA3F7 /* Pods_Drive2StudyAppTests.framework */ = {isa = PBXFileReference; explicitFileType = wrapper.framework; includeInIndex = 0; path = Pods_Drive2StudyAppTests.framework; sourceTree = BUILT_PRODUCTS_DIR; };
/* End PBXFileReference section */

/* Begin PBXFrameworksBuildPhase section */
		D16823311FEE712200A1527E /* Frameworks */ = {
			isa = PBXFrameworksBuildPhase;
			buildActionMask = 2147483647;
			files = (
				4795CE1B1FFAA06600BB54FE /* libsqlite3.0.tbd in Frameworks */,
				78B815CAE7E52B22FE942A2E /* Pods_Drive2StudyApp.framework in Frameworks */,
			);
			runOnlyForDeploymentPostprocessing = 0;
		};
		D16823451FEE712300A1527E /* Frameworks */ = {
			isa = PBXFrameworksBuildPhase;
			buildActionMask = 2147483647;
			files = (
				09EF0B9C918191338935C452 /* Pods_Drive2StudyAppTests.framework in Frameworks */,
			);
			runOnlyForDeploymentPostprocessing = 0;
		};
		D16823501FEE712300A1527E /* Frameworks */ = {
			isa = PBXFrameworksBuildPhase;
			buildActionMask = 2147483647;
			files = (
				04BA0E6033F84BB069474CC4 /* Pods_Drive2StudyAppUITests.framework in Frameworks */,
			);
			runOnlyForDeploymentPostprocessing = 0;
		};
/* End PBXFrameworksBuildPhase section */

/* Begin PBXGroup section */
		4C2286B047193DFC6FAAA503 /* Frameworks */ = {
			isa = PBXGroup;
			children = (
				4795CE1A1FFAA06600BB54FE /* libsqlite3.0.tbd */,
				A732DC3940A7C2647A77B8C3 /* Pods_Drive2StudyApp.framework */,
				EE3019924BAE5971AE2FA3F7 /* Pods_Drive2StudyAppTests.framework */,
				DA8946BBC88DD5E41363A32E /* Pods_Drive2StudyAppUITests.framework */,
			);
			name = Frameworks;
			sourceTree = "<group>";
		};
		84B78AEC1FF552600068C051 /* IBDesignables */ = {
			isa = PBXGroup;
			children = (
				84B78AED1FF552A90068C051 /* DesignableView.swift */,
			);
			path = IBDesignables;
			sourceTree = "<group>";
		};
		D13F03C71FEEB47F00606D0C /* Controllers */ = {
			isa = PBXGroup;
			children = (
				D16823391FEE712200A1527E /* ViewController.swift */,
				D16823651FEE718E00A1527E /* SigninWithEmailContoller.swift */,
				D13F03C31FEEA72400606D0C /* ForgotPasswordController.swift */,
				D13F03C51FEEB46C00606D0C /* CreateNewPasswordController.swift */,
				D13F03C81FEEBB8400606D0C /* RegisterController.swift */,
				47B95A331FF1794000C4569D /* MainTabScreenController.swift */,
				47B95A351FF187FE00C4569D /* MapViewController.swift */,
				47ED74151FF2AF8F0040F2C2 /* DriveViewController.swift */,
				47ED74171FF2B0810040F2C2 /* RideViewController.swift */,
				D13E961F1FF2D155000F5C34 /* ProfileViewController.swift */,
				D13E96221FF2D8F0000F5C34 /* ProfileEditController.swift */,
				84B78AE41FF533140068C051 /* ChatTableViewController.swift */,
				84B78AE61FF53DE50068C051 /* ConnectionsTableViewController.swift */,
				84B78AE81FF540310068C051 /* NewMessageChatSectionViewController.swift */,
				84B78AEF1FF555480068C051 /* ChooseLocationViewController.swift */,
			);
			path = Controllers;
			sourceTree = "<group>";
		};
		D149CC4F1FF40D69006F57C1 /* Model */ = {
			isa = PBXGroup;
			children = (
				47F2126E1FFAC6380066C8C7 /* Date+firebase.swift */,
				47F2126C1FFAC6380066C8C7 /* LastUpdateTable.swift */,
				47F2126F1FFAC6390066C8C7 /* Model.swift */,
				47F212711FFAC6390066C8C7 /* ModelFirebase.swift */,
				47F212701FFAC6390066C8C7 /* ModelSql.swift */,
				47F2126D1FFAC6380066C8C7 /* Student+sql.swift */,
				D149CC501FF40D8E006F57C1 /* Student.swift */,
			);
			path = Model;
			sourceTree = "<group>";
		};
		D168232B1FEE712200A1527E = {
			isa = PBXGroup;
			children = (
				D16823361FEE712200A1527E /* Drive2StudyApp */,
				D168234B1FEE712300A1527E /* Drive2StudyAppTests */,
				D16823561FEE712300A1527E /* Drive2StudyAppUITests */,
				D16823351FEE712200A1527E /* Products */,
				FAE36A41CC0C29CD8E81A404 /* Pods */,
				4C2286B047193DFC6FAAA503 /* Frameworks */,
			);
			sourceTree = "<group>";
		};
		D16823351FEE712200A1527E /* Products */ = {
			isa = PBXGroup;
			children = (
				D16823341FEE712200A1527E /* Drive2StudyApp.app */,
				D16823481FEE712300A1527E /* Drive2StudyAppTests.xctest */,
				D16823531FEE712300A1527E /* Drive2StudyAppUITests.xctest */,
			);
			name = Products;
			sourceTree = "<group>";
		};
		D16823361FEE712200A1527E /* Drive2StudyApp */ = {
			isa = PBXGroup;
			children = (
				84B78AEC1FF552600068C051 /* IBDesignables */,
				D149CC4F1FF40D69006F57C1 /* Model */,
				D13F03C71FEEB47F00606D0C /* Controllers */,
				D16823371FEE712200A1527E /* AppDelegate.swift */,
				D168233B1FEE712200A1527E /* Main.storyboard */,
				D168233E1FEE712200A1527E /* Assets.xcassets */,
				D16823401FEE712200A1527E /* LaunchScreen.storyboard */,
				D16823431FEE712200A1527E /* Info.plist */,
				D16823671FEE72EE00A1527E /* GoogleService-Info.plist */,
				4795CE1C1FFAA10500BB54FE /* Drive2StudyApp-Bridging-Header.h */,
			);
			path = Drive2StudyApp;
			sourceTree = "<group>";
		};
		D168234B1FEE712300A1527E /* Drive2StudyAppTests */ = {
			isa = PBXGroup;
			children = (
				D168234C1FEE712300A1527E /* Drive2StudyAppTests.swift */,
				D168234E1FEE712300A1527E /* Info.plist */,
			);
			path = Drive2StudyAppTests;
			sourceTree = "<group>";
		};
		D16823561FEE712300A1527E /* Drive2StudyAppUITests */ = {
			isa = PBXGroup;
			children = (
				D16823571FEE712300A1527E /* Drive2StudyAppUITests.swift */,
				D16823591FEE712300A1527E /* Info.plist */,
			);
			path = Drive2StudyAppUITests;
			sourceTree = "<group>";
		};
		FAE36A41CC0C29CD8E81A404 /* Pods */ = {
			isa = PBXGroup;
			children = (
				61EF2AAF4CC80559A2E28DBE /* Pods-Drive2StudyApp.debug.xcconfig */,
				6B4260F51E196179156591B2 /* Pods-Drive2StudyApp.release.xcconfig */,
				9E9E1C431F4087AE269F177A /* Pods-Drive2StudyAppTests.debug.xcconfig */,
				BFDFDBE8DC1245FAB9079C09 /* Pods-Drive2StudyAppTests.release.xcconfig */,
				1802073A40FDBBAD2E893C0A /* Pods-Drive2StudyAppUITests.debug.xcconfig */,
				8CDFD535662E3BA42561B8D5 /* Pods-Drive2StudyAppUITests.release.xcconfig */,
			);
			name = Pods;
			sourceTree = "<group>";
		};
/* End PBXGroup section */

/* Begin PBXNativeTarget section */
		D16823331FEE712200A1527E /* Drive2StudyApp */ = {
			isa = PBXNativeTarget;
			buildConfigurationList = D168235C1FEE712300A1527E /* Build configuration list for PBXNativeTarget "Drive2StudyApp" */;
			buildPhases = (
				9BE182A2376835B67F1564AC /* [CP] Check Pods Manifest.lock */,
				D16823301FEE712200A1527E /* Sources */,
				D16823311FEE712200A1527E /* Frameworks */,
				D16823321FEE712200A1527E /* Resources */,
				5F7BCBF7E4A7D95705CF3ACE /* [CP] Embed Pods Frameworks */,
				2117F9BFC9543E1D16BFFEA6 /* [CP] Copy Pods Resources */,
			);
			buildRules = (
			);
			dependencies = (
			);
			name = Drive2StudyApp;
			productName = Drive2StudyApp;
			productReference = D16823341FEE712200A1527E /* Drive2StudyApp.app */;
			productType = "com.apple.product-type.application";
		};
		D16823471FEE712300A1527E /* Drive2StudyAppTests */ = {
			isa = PBXNativeTarget;
			buildConfigurationList = D168235F1FEE712300A1527E /* Build configuration list for PBXNativeTarget "Drive2StudyAppTests" */;
			buildPhases = (
				63B2726FB65B9E9DEE12DC6E /* [CP] Check Pods Manifest.lock */,
				D16823441FEE712300A1527E /* Sources */,
				D16823451FEE712300A1527E /* Frameworks */,
				D16823461FEE712300A1527E /* Resources */,
				69F3B4A27547F5ED204F1710 /* [CP] Embed Pods Frameworks */,
				D3FB9059146B9C015138A92D /* [CP] Copy Pods Resources */,
			);
			buildRules = (
			);
			dependencies = (
				D168234A1FEE712300A1527E /* PBXTargetDependency */,
			);
			name = Drive2StudyAppTests;
			productName = Drive2StudyAppTests;
			productReference = D16823481FEE712300A1527E /* Drive2StudyAppTests.xctest */;
			productType = "com.apple.product-type.bundle.unit-test";
		};
		D16823521FEE712300A1527E /* Drive2StudyAppUITests */ = {
			isa = PBXNativeTarget;
			buildConfigurationList = D16823621FEE712300A1527E /* Build configuration list for PBXNativeTarget "Drive2StudyAppUITests" */;
			buildPhases = (
				986BB3293FB55E75B3E8391A /* [CP] Check Pods Manifest.lock */,
				D168234F1FEE712300A1527E /* Sources */,
				D16823501FEE712300A1527E /* Frameworks */,
				D16823511FEE712300A1527E /* Resources */,
				98B1768A8D5940250ED1EFD7 /* [CP] Embed Pods Frameworks */,
				54E0D76AF00F9FEF5D238F3A /* [CP] Copy Pods Resources */,
			);
			buildRules = (
			);
			dependencies = (
				D16823551FEE712300A1527E /* PBXTargetDependency */,
			);
			name = Drive2StudyAppUITests;
			productName = Drive2StudyAppUITests;
			productReference = D16823531FEE712300A1527E /* Drive2StudyAppUITests.xctest */;
			productType = "com.apple.product-type.bundle.ui-testing";
		};
/* End PBXNativeTarget section */

/* Begin PBXProject section */
		D168232C1FEE712200A1527E /* Project object */ = {
			isa = PBXProject;
			attributes = {
				LastSwiftUpdateCheck = 0920;
				LastUpgradeCheck = 0920;
				ORGANIZATIONNAME = IdoD;
				TargetAttributes = {
					D16823331FEE712200A1527E = {
						CreatedOnToolsVersion = 9.2;
						ProvisioningStyle = Automatic;
					};
					D16823471FEE712300A1527E = {
						CreatedOnToolsVersion = 9.2;
						ProvisioningStyle = Automatic;
						TestTargetID = D16823331FEE712200A1527E;
					};
					D16823521FEE712300A1527E = {
						CreatedOnToolsVersion = 9.2;
						ProvisioningStyle = Automatic;
						TestTargetID = D16823331FEE712200A1527E;
					};
				};
			};
			buildConfigurationList = D168232F1FEE712200A1527E /* Build configuration list for PBXProject "Drive2StudyApp" */;
			compatibilityVersion = "Xcode 8.0";
			developmentRegion = en;
			hasScannedForEncodings = 0;
			knownRegions = (
				en,
				Base,
			);
			mainGroup = D168232B1FEE712200A1527E;
			productRefGroup = D16823351FEE712200A1527E /* Products */;
			projectDirPath = "";
			projectRoot = "";
			targets = (
				D16823331FEE712200A1527E /* Drive2StudyApp */,
				D16823471FEE712300A1527E /* Drive2StudyAppTests */,
				D16823521FEE712300A1527E /* Drive2StudyAppUITests */,
			);
		};
/* End PBXProject section */

/* Begin PBXResourcesBuildPhase section */
		D16823321FEE712200A1527E /* Resources */ = {
			isa = PBXResourcesBuildPhase;
			buildActionMask = 2147483647;
			files = (
				D16823421FEE712200A1527E /* LaunchScreen.storyboard in Resources */,
				D16823681FEE72EE00A1527E /* GoogleService-Info.plist in Resources */,
				D168233F1FEE712200A1527E /* Assets.xcassets in Resources */,
				D168233D1FEE712200A1527E /* Main.storyboard in Resources */,
			);
			runOnlyForDeploymentPostprocessing = 0;
		};
		D16823461FEE712300A1527E /* Resources */ = {
			isa = PBXResourcesBuildPhase;
			buildActionMask = 2147483647;
			files = (
			);
			runOnlyForDeploymentPostprocessing = 0;
		};
		D16823511FEE712300A1527E /* Resources */ = {
			isa = PBXResourcesBuildPhase;
			buildActionMask = 2147483647;
			files = (
			);
			runOnlyForDeploymentPostprocessing = 0;
		};
/* End PBXResourcesBuildPhase section */

/* Begin PBXShellScriptBuildPhase section */
		2117F9BFC9543E1D16BFFEA6 /* [CP] Copy Pods Resources */ = {
			isa = PBXShellScriptBuildPhase;
			buildActionMask = 2147483647;
			files = (
			);
			inputPaths = (
				"${SRCROOT}/Pods/Target Support Files/Pods-Drive2StudyApp/Pods-Drive2StudyApp-resources.sh",
				"${PODS_ROOT}/GoogleMaps/Maps/Frameworks/GoogleMaps.framework/Resources/GoogleMaps.bundle",
				"${PODS_ROOT}/GooglePlaces/Frameworks/GooglePlaces.framework/Resources/GooglePlaces.bundle",
			);
			name = "[CP] Copy Pods Resources";
			outputPaths = (
				"${TARGET_BUILD_DIR}/${UNLOCALIZED_RESOURCES_FOLDER_PATH}",
			);
			runOnlyForDeploymentPostprocessing = 0;
			shellPath = /bin/sh;
			shellScript = "\"${SRCROOT}/Pods/Target Support Files/Pods-Drive2StudyApp/Pods-Drive2StudyApp-resources.sh\"\n";
			showEnvVarsInLog = 0;
		};
		54E0D76AF00F9FEF5D238F3A /* [CP] Copy Pods Resources */ = {
			isa = PBXShellScriptBuildPhase;
			buildActionMask = 2147483647;
			files = (
			);
			inputPaths = (
			);
			name = "[CP] Copy Pods Resources";
			outputPaths = (
			);
			runOnlyForDeploymentPostprocessing = 0;
			shellPath = /bin/sh;
			shellScript = "\"${SRCROOT}/Pods/Target Support Files/Pods-Drive2StudyAppUITests/Pods-Drive2StudyAppUITests-resources.sh\"\n";
			showEnvVarsInLog = 0;
		};
		5F7BCBF7E4A7D95705CF3ACE /* [CP] Embed Pods Frameworks */ = {
			isa = PBXShellScriptBuildPhase;
			buildActionMask = 2147483647;
			files = (
			);
			inputPaths = (
				"${SRCROOT}/Pods/Target Support Files/Pods-Drive2StudyApp/Pods-Drive2StudyApp-frameworks.sh",
				"${BUILT_PRODUCTS_DIR}/GTMSessionFetcher/GTMSessionFetcher.framework",
				"${BUILT_PRODUCTS_DIR}/GoogleToolboxForMac/GoogleToolboxForMac.framework",
				"${BUILT_PRODUCTS_DIR}/leveldb-library/leveldb.framework",
				"${BUILT_PRODUCTS_DIR}/nanopb/nanopb.framework",
			);
			name = "[CP] Embed Pods Frameworks";
			outputPaths = (
				"${TARGET_BUILD_DIR}/${FRAMEWORKS_FOLDER_PATH}/GTMSessionFetcher.framework",
				"${TARGET_BUILD_DIR}/${FRAMEWORKS_FOLDER_PATH}/GoogleToolboxForMac.framework",
				"${TARGET_BUILD_DIR}/${FRAMEWORKS_FOLDER_PATH}/leveldb.framework",
				"${TARGET_BUILD_DIR}/${FRAMEWORKS_FOLDER_PATH}/nanopb.framework",
			);
			runOnlyForDeploymentPostprocessing = 0;
			shellPath = /bin/sh;
			shellScript = "\"${SRCROOT}/Pods/Target Support Files/Pods-Drive2StudyApp/Pods-Drive2StudyApp-frameworks.sh\"\n";
			showEnvVarsInLog = 0;
		};
		63B2726FB65B9E9DEE12DC6E /* [CP] Check Pods Manifest.lock */ = {
			isa = PBXShellScriptBuildPhase;
			buildActionMask = 2147483647;
			files = (
			);
			inputPaths = (
				"${PODS_PODFILE_DIR_PATH}/Podfile.lock",
				"${PODS_ROOT}/Manifest.lock",
			);
			name = "[CP] Check Pods Manifest.lock";
			outputPaths = (
				"$(DERIVED_FILE_DIR)/Pods-Drive2StudyAppTests-checkManifestLockResult.txt",
			);
			runOnlyForDeploymentPostprocessing = 0;
			shellPath = /bin/sh;
			shellScript = "diff \"${PODS_PODFILE_DIR_PATH}/Podfile.lock\" \"${PODS_ROOT}/Manifest.lock\" > /dev/null\nif [ $? != 0 ] ; then\n    # print error to STDERR\n    echo \"error: The sandbox is not in sync with the Podfile.lock. Run 'pod install' or update your CocoaPods installation.\" >&2\n    exit 1\nfi\n# This output is used by Xcode 'outputs' to avoid re-running this script phase.\necho \"SUCCESS\" > \"${SCRIPT_OUTPUT_FILE_0}\"\n";
			showEnvVarsInLog = 0;
		};
		69F3B4A27547F5ED204F1710 /* [CP] Embed Pods Frameworks */ = {
			isa = PBXShellScriptBuildPhase;
			buildActionMask = 2147483647;
			files = (
			);
			inputPaths = (
			);
			name = "[CP] Embed Pods Frameworks";
			outputPaths = (
			);
			runOnlyForDeploymentPostprocessing = 0;
			shellPath = /bin/sh;
			shellScript = "\"${SRCROOT}/Pods/Target Support Files/Pods-Drive2StudyAppTests/Pods-Drive2StudyAppTests-frameworks.sh\"\n";
			showEnvVarsInLog = 0;
		};
		986BB3293FB55E75B3E8391A /* [CP] Check Pods Manifest.lock */ = {
			isa = PBXShellScriptBuildPhase;
			buildActionMask = 2147483647;
			files = (
			);
			inputPaths = (
				"${PODS_PODFILE_DIR_PATH}/Podfile.lock",
				"${PODS_ROOT}/Manifest.lock",
			);
			name = "[CP] Check Pods Manifest.lock";
			outputPaths = (
				"$(DERIVED_FILE_DIR)/Pods-Drive2StudyAppUITests-checkManifestLockResult.txt",
			);
			runOnlyForDeploymentPostprocessing = 0;
			shellPath = /bin/sh;
			shellScript = "diff \"${PODS_PODFILE_DIR_PATH}/Podfile.lock\" \"${PODS_ROOT}/Manifest.lock\" > /dev/null\nif [ $? != 0 ] ; then\n    # print error to STDERR\n    echo \"error: The sandbox is not in sync with the Podfile.lock. Run 'pod install' or update your CocoaPods installation.\" >&2\n    exit 1\nfi\n# This output is used by Xcode 'outputs' to avoid re-running this script phase.\necho \"SUCCESS\" > \"${SCRIPT_OUTPUT_FILE_0}\"\n";
			showEnvVarsInLog = 0;
		};
		98B1768A8D5940250ED1EFD7 /* [CP] Embed Pods Frameworks */ = {
			isa = PBXShellScriptBuildPhase;
			buildActionMask = 2147483647;
			files = (
			);
			inputPaths = (
			);
			name = "[CP] Embed Pods Frameworks";
			outputPaths = (
			);
			runOnlyForDeploymentPostprocessing = 0;
			shellPath = /bin/sh;
			shellScript = "\"${SRCROOT}/Pods/Target Support Files/Pods-Drive2StudyAppUITests/Pods-Drive2StudyAppUITests-frameworks.sh\"\n";
			showEnvVarsInLog = 0;
		};
		9BE182A2376835B67F1564AC /* [CP] Check Pods Manifest.lock */ = {
			isa = PBXShellScriptBuildPhase;
			buildActionMask = 2147483647;
			files = (
			);
			inputPaths = (
				"${PODS_PODFILE_DIR_PATH}/Podfile.lock",
				"${PODS_ROOT}/Manifest.lock",
			);
			name = "[CP] Check Pods Manifest.lock";
			outputPaths = (
				"$(DERIVED_FILE_DIR)/Pods-Drive2StudyApp-checkManifestLockResult.txt",
			);
			runOnlyForDeploymentPostprocessing = 0;
			shellPath = /bin/sh;
			shellScript = "diff \"${PODS_PODFILE_DIR_PATH}/Podfile.lock\" \"${PODS_ROOT}/Manifest.lock\" > /dev/null\nif [ $? != 0 ] ; then\n    # print error to STDERR\n    echo \"error: The sandbox is not in sync with the Podfile.lock. Run 'pod install' or update your CocoaPods installation.\" >&2\n    exit 1\nfi\n# This output is used by Xcode 'outputs' to avoid re-running this script phase.\necho \"SUCCESS\" > \"${SCRIPT_OUTPUT_FILE_0}\"\n";
			showEnvVarsInLog = 0;
		};
		D3FB9059146B9C015138A92D /* [CP] Copy Pods Resources */ = {
			isa = PBXShellScriptBuildPhase;
			buildActionMask = 2147483647;
			files = (
			);
			inputPaths = (
			);
			name = "[CP] Copy Pods Resources";
			outputPaths = (
			);
			runOnlyForDeploymentPostprocessing = 0;
			shellPath = /bin/sh;
			shellScript = "\"${SRCROOT}/Pods/Target Support Files/Pods-Drive2StudyAppTests/Pods-Drive2StudyAppTests-resources.sh\"\n";
			showEnvVarsInLog = 0;
		};
/* End PBXShellScriptBuildPhase section */

/* Begin PBXSourcesBuildPhase section */
		D16823301FEE712200A1527E /* Sources */ = {
			isa = PBXSourcesBuildPhase;
			buildActionMask = 2147483647;
			files = (
				D13F03C61FEEB46C00606D0C /* CreateNewPasswordController.swift in Sources */,
				D168233A1FEE712200A1527E /* ViewController.swift in Sources */,
				84B78AE71FF53DE50068C051 /* ConnectionsTableViewController.swift in Sources */,
				47F212761FFAC6390066C8C7 /* ModelSql.swift in Sources */,
				47ED74181FF2B0810040F2C2 /* RideViewController.swift in Sources */,
				D13E96231FF2D8F0000F5C34 /* ProfileEditController.swift in Sources */,
				D149CC511FF40D8E006F57C1 /* Student.swift in Sources */,
				47F212721FFAC6390066C8C7 /* LastUpdateTable.swift in Sources */,
				D13F03C91FEEBB8400606D0C /* RegisterController.swift in Sources */,
				84B78AE91FF540310068C051 /* NewMessageChatSectionViewController.swift in Sources */,
				47F212741FFAC6390066C8C7 /* Date+firebase.swift in Sources */,
				D13F03C41FEEA72400606D0C /* ForgotPasswordController.swift in Sources */,
				D13E96201FF2D155000F5C34 /* ProfileViewController.swift in Sources */,
				47B95A341FF1794000C4569D /* MainTabScreenController.swift in Sources */,
				D16823381FEE712200A1527E /* AppDelegate.swift in Sources */,
				D16823661FEE718E00A1527E /* SigninWithEmailContoller.swift in Sources */,
				47F212771FFAC6390066C8C7 /* ModelFirebase.swift in Sources */,
				47B95A361FF187FE00C4569D /* MapViewController.swift in Sources */,
				84B78AF01FF555480068C051 /* ChooseLocationViewController.swift in Sources */,
				47ED74161FF2AF8F0040F2C2 /* DriveViewController.swift in Sources */,
				84B78AE51FF533140068C051 /* ChatTableViewController.swift in Sources */,
				47F212751FFAC6390066C8C7 /* Model.swift in Sources */,
				47F212731FFAC6390066C8C7 /* Student+sql.swift in Sources */,
				84B78AEE1FF552A90068C051 /* DesignableView.swift in Sources */,
			);
			runOnlyForDeploymentPostprocessing = 0;
		};
		D16823441FEE712300A1527E /* Sources */ = {
			isa = PBXSourcesBuildPhase;
			buildActionMask = 2147483647;
			files = (
				D168234D1FEE712300A1527E /* Drive2StudyAppTests.swift in Sources */,
			);
			runOnlyForDeploymentPostprocessing = 0;
		};
		D168234F1FEE712300A1527E /* Sources */ = {
			isa = PBXSourcesBuildPhase;
			buildActionMask = 2147483647;
			files = (
				D16823581FEE712300A1527E /* Drive2StudyAppUITests.swift in Sources */,
			);
			runOnlyForDeploymentPostprocessing = 0;
		};
/* End PBXSourcesBuildPhase section */

/* Begin PBXTargetDependency section */
		D168234A1FEE712300A1527E /* PBXTargetDependency */ = {
			isa = PBXTargetDependency;
			target = D16823331FEE712200A1527E /* Drive2StudyApp */;
			targetProxy = D16823491FEE712300A1527E /* PBXContainerItemProxy */;
		};
		D16823551FEE712300A1527E /* PBXTargetDependency */ = {
			isa = PBXTargetDependency;
			target = D16823331FEE712200A1527E /* Drive2StudyApp */;
			targetProxy = D16823541FEE712300A1527E /* PBXContainerItemProxy */;
		};
/* End PBXTargetDependency section */

/* Begin PBXVariantGroup section */
		D168233B1FEE712200A1527E /* Main.storyboard */ = {
			isa = PBXVariantGroup;
			children = (
				D168233C1FEE712200A1527E /* Base */,
			);
			name = Main.storyboard;
			sourceTree = "<group>";
		};
		D16823401FEE712200A1527E /* LaunchScreen.storyboard */ = {
			isa = PBXVariantGroup;
			children = (
				D16823411FEE712200A1527E /* Base */,
			);
			name = LaunchScreen.storyboard;
			sourceTree = "<group>";
		};
/* End PBXVariantGroup section */

/* Begin XCBuildConfiguration section */
		D168235A1FEE712300A1527E /* Debug */ = {
			isa = XCBuildConfiguration;
			buildSettings = {
				ALWAYS_SEARCH_USER_PATHS = NO;
				CLANG_ANALYZER_NONNULL = YES;
				CLANG_ANALYZER_NUMBER_OBJECT_CONVERSION = YES_AGGRESSIVE;
				CLANG_CXX_LANGUAGE_STANDARD = "gnu++14";
				CLANG_CXX_LIBRARY = "libc++";
				CLANG_ENABLE_MODULES = YES;
				CLANG_ENABLE_OBJC_ARC = YES;
				CLANG_WARN_BLOCK_CAPTURE_AUTORELEASING = YES;
				CLANG_WARN_BOOL_CONVERSION = YES;
				CLANG_WARN_COMMA = YES;
				CLANG_WARN_CONSTANT_CONVERSION = YES;
				CLANG_WARN_DIRECT_OBJC_ISA_USAGE = YES_ERROR;
				CLANG_WARN_DOCUMENTATION_COMMENTS = YES;
				CLANG_WARN_EMPTY_BODY = YES;
				CLANG_WARN_ENUM_CONVERSION = YES;
				CLANG_WARN_INFINITE_RECURSION = YES;
				CLANG_WARN_INT_CONVERSION = YES;
				CLANG_WARN_NON_LITERAL_NULL_CONVERSION = YES;
				CLANG_WARN_OBJC_LITERAL_CONVERSION = YES;
				CLANG_WARN_OBJC_ROOT_CLASS = YES_ERROR;
				CLANG_WARN_RANGE_LOOP_ANALYSIS = YES;
				CLANG_WARN_STRICT_PROTOTYPES = YES;
				CLANG_WARN_SUSPICIOUS_MOVE = YES;
				CLANG_WARN_UNGUARDED_AVAILABILITY = YES_AGGRESSIVE;
				CLANG_WARN_UNREACHABLE_CODE = YES;
				CLANG_WARN__DUPLICATE_METHOD_MATCH = YES;
				CODE_SIGN_IDENTITY = "iPhone Developer";
				COPY_PHASE_STRIP = NO;
				DEBUG_INFORMATION_FORMAT = dwarf;
				ENABLE_STRICT_OBJC_MSGSEND = YES;
				ENABLE_TESTABILITY = YES;
				GCC_C_LANGUAGE_STANDARD = gnu11;
				GCC_DYNAMIC_NO_PIC = NO;
				GCC_NO_COMMON_BLOCKS = YES;
				GCC_OPTIMIZATION_LEVEL = 0;
				GCC_PREPROCESSOR_DEFINITIONS = (
					"DEBUG=1",
					"$(inherited)",
				);
				GCC_WARN_64_TO_32_BIT_CONVERSION = YES;
				GCC_WARN_ABOUT_RETURN_TYPE = YES_ERROR;
				GCC_WARN_UNDECLARED_SELECTOR = YES;
				GCC_WARN_UNINITIALIZED_AUTOS = YES_AGGRESSIVE;
				GCC_WARN_UNUSED_FUNCTION = YES;
				GCC_WARN_UNUSED_VARIABLE = YES;
				IPHONEOS_DEPLOYMENT_TARGET = 11.2;
				MTL_ENABLE_DEBUG_INFO = YES;
				ONLY_ACTIVE_ARCH = YES;
				SDKROOT = iphoneos;
				SWIFT_ACTIVE_COMPILATION_CONDITIONS = DEBUG;
				SWIFT_OPTIMIZATION_LEVEL = "-Onone";
			};
			name = Debug;
		};
		D168235B1FEE712300A1527E /* Release */ = {
			isa = XCBuildConfiguration;
			buildSettings = {
				ALWAYS_SEARCH_USER_PATHS = NO;
				CLANG_ANALYZER_NONNULL = YES;
				CLANG_ANALYZER_NUMBER_OBJECT_CONVERSION = YES_AGGRESSIVE;
				CLANG_CXX_LANGUAGE_STANDARD = "gnu++14";
				CLANG_CXX_LIBRARY = "libc++";
				CLANG_ENABLE_MODULES = YES;
				CLANG_ENABLE_OBJC_ARC = YES;
				CLANG_WARN_BLOCK_CAPTURE_AUTORELEASING = YES;
				CLANG_WARN_BOOL_CONVERSION = YES;
				CLANG_WARN_COMMA = YES;
				CLANG_WARN_CONSTANT_CONVERSION = YES;
				CLANG_WARN_DIRECT_OBJC_ISA_USAGE = YES_ERROR;
				CLANG_WARN_DOCUMENTATION_COMMENTS = YES;
				CLANG_WARN_EMPTY_BODY = YES;
				CLANG_WARN_ENUM_CONVERSION = YES;
				CLANG_WARN_INFINITE_RECURSION = YES;
				CLANG_WARN_INT_CONVERSION = YES;
				CLANG_WARN_NON_LITERAL_NULL_CONVERSION = YES;
				CLANG_WARN_OBJC_LITERAL_CONVERSION = YES;
				CLANG_WARN_OBJC_ROOT_CLASS = YES_ERROR;
				CLANG_WARN_RANGE_LOOP_ANALYSIS = YES;
				CLANG_WARN_STRICT_PROTOTYPES = YES;
				CLANG_WARN_SUSPICIOUS_MOVE = YES;
				CLANG_WARN_UNGUARDED_AVAILABILITY = YES_AGGRESSIVE;
				CLANG_WARN_UNREACHABLE_CODE = YES;
				CLANG_WARN__DUPLICATE_METHOD_MATCH = YES;
				CODE_SIGN_IDENTITY = "iPhone Developer";
				COPY_PHASE_STRIP = NO;
				DEBUG_INFORMATION_FORMAT = "dwarf-with-dsym";
				ENABLE_NS_ASSERTIONS = NO;
				ENABLE_STRICT_OBJC_MSGSEND = YES;
				GCC_C_LANGUAGE_STANDARD = gnu11;
				GCC_NO_COMMON_BLOCKS = YES;
				GCC_WARN_64_TO_32_BIT_CONVERSION = YES;
				GCC_WARN_ABOUT_RETURN_TYPE = YES_ERROR;
				GCC_WARN_UNDECLARED_SELECTOR = YES;
				GCC_WARN_UNINITIALIZED_AUTOS = YES_AGGRESSIVE;
				GCC_WARN_UNUSED_FUNCTION = YES;
				GCC_WARN_UNUSED_VARIABLE = YES;
				IPHONEOS_DEPLOYMENT_TARGET = 11.2;
				MTL_ENABLE_DEBUG_INFO = NO;
				SDKROOT = iphoneos;
				SWIFT_OPTIMIZATION_LEVEL = "-Owholemodule";
				VALIDATE_PRODUCT = YES;
			};
			name = Release;
		};
		D168235D1FEE712300A1527E /* Debug */ = {
			isa = XCBuildConfiguration;
			baseConfigurationReference = 61EF2AAF4CC80559A2E28DBE /* Pods-Drive2StudyApp.debug.xcconfig */;
			buildSettings = {
				ASSETCATALOG_COMPILER_APPICON_NAME = AppIcon;
				CODE_SIGN_STYLE = Automatic;
				INFOPLIST_FILE = Drive2StudyApp/Info.plist;
				LD_RUNPATH_SEARCH_PATHS = "$(inherited) @executable_path/Frameworks";
				PRODUCT_BUNDLE_IDENTIFIER = com.Drive2StudyApp;
				PRODUCT_NAME = "$(TARGET_NAME)";
				SWIFT_OBJC_BRIDGING_HEADER = "Drive2StudyApp/Drive2StudyApp-Bridging-Header.h";
				SWIFT_VERSION = 4.0;
				TARGETED_DEVICE_FAMILY = "1,2";
			};
			name = Debug;
		};
		D168235E1FEE712300A1527E /* Release */ = {
			isa = XCBuildConfiguration;
			baseConfigurationReference = 6B4260F51E196179156591B2 /* Pods-Drive2StudyApp.release.xcconfig */;
			buildSettings = {
				ASSETCATALOG_COMPILER_APPICON_NAME = AppIcon;
				CODE_SIGN_STYLE = Automatic;
				INFOPLIST_FILE = Drive2StudyApp/Info.plist;
				LD_RUNPATH_SEARCH_PATHS = "$(inherited) @executable_path/Frameworks";
				PRODUCT_BUNDLE_IDENTIFIER = com.Drive2StudyApp;
				PRODUCT_NAME = "$(TARGET_NAME)";
				SWIFT_OBJC_BRIDGING_HEADER = "Drive2StudyApp/Drive2StudyApp-Bridging-Header.h";
				SWIFT_VERSION = 4.0;
				TARGETED_DEVICE_FAMILY = "1,2";
			};
			name = Release;
		};
		D16823601FEE712300A1527E /* Debug */ = {
			isa = XCBuildConfiguration;
			baseConfigurationReference = 9E9E1C431F4087AE269F177A /* Pods-Drive2StudyAppTests.debug.xcconfig */;
			buildSettings = {
				ALWAYS_EMBED_SWIFT_STANDARD_LIBRARIES = YES;
				BUNDLE_LOADER = "$(TEST_HOST)";
				CODE_SIGN_STYLE = Automatic;
				INFOPLIST_FILE = Drive2StudyAppTests/Info.plist;
				LD_RUNPATH_SEARCH_PATHS = "$(inherited) @executable_path/Frameworks @loader_path/Frameworks";
				PRODUCT_BUNDLE_IDENTIFIER = com.Drive2StudyAppTests;
				PRODUCT_NAME = "$(TARGET_NAME)";
				SWIFT_VERSION = 4.0;
				TARGETED_DEVICE_FAMILY = "1,2";
				TEST_HOST = "$(BUILT_PRODUCTS_DIR)/Drive2StudyApp.app/Drive2StudyApp";
			};
			name = Debug;
		};
		D16823611FEE712300A1527E /* Release */ = {
			isa = XCBuildConfiguration;
			baseConfigurationReference = BFDFDBE8DC1245FAB9079C09 /* Pods-Drive2StudyAppTests.release.xcconfig */;
			buildSettings = {
				ALWAYS_EMBED_SWIFT_STANDARD_LIBRARIES = YES;
				BUNDLE_LOADER = "$(TEST_HOST)";
				CODE_SIGN_STYLE = Automatic;
				INFOPLIST_FILE = Drive2StudyAppTests/Info.plist;
				LD_RUNPATH_SEARCH_PATHS = "$(inherited) @executable_path/Frameworks @loader_path/Frameworks";
				PRODUCT_BUNDLE_IDENTIFIER = com.Drive2StudyAppTests;
				PRODUCT_NAME = "$(TARGET_NAME)";
				SWIFT_VERSION = 4.0;
				TARGETED_DEVICE_FAMILY = "1,2";
				TEST_HOST = "$(BUILT_PRODUCTS_DIR)/Drive2StudyApp.app/Drive2StudyApp";
			};
			name = Release;
		};
		D16823631FEE712300A1527E /* Debug */ = {
			isa = XCBuildConfiguration;
			baseConfigurationReference = 1802073A40FDBBAD2E893C0A /* Pods-Drive2StudyAppUITests.debug.xcconfig */;
			buildSettings = {
				ALWAYS_EMBED_SWIFT_STANDARD_LIBRARIES = YES;
				CODE_SIGN_STYLE = Automatic;
				INFOPLIST_FILE = Drive2StudyAppUITests/Info.plist;
				LD_RUNPATH_SEARCH_PATHS = "$(inherited) @executable_path/Frameworks @loader_path/Frameworks";
				PRODUCT_BUNDLE_IDENTIFIER = com.Drive2StudyAppUITests;
				PRODUCT_NAME = "$(TARGET_NAME)";
				SWIFT_VERSION = 4.0;
				TARGETED_DEVICE_FAMILY = "1,2";
				TEST_TARGET_NAME = Drive2StudyApp;
			};
			name = Debug;
		};
		D16823641FEE712300A1527E /* Release */ = {
			isa = XCBuildConfiguration;
			baseConfigurationReference = 8CDFD535662E3BA42561B8D5 /* Pods-Drive2StudyAppUITests.release.xcconfig */;
			buildSettings = {
				ALWAYS_EMBED_SWIFT_STANDARD_LIBRARIES = YES;
				CODE_SIGN_STYLE = Automatic;
				INFOPLIST_FILE = Drive2StudyAppUITests/Info.plist;
				LD_RUNPATH_SEARCH_PATHS = "$(inherited) @executable_path/Frameworks @loader_path/Frameworks";
				PRODUCT_BUNDLE_IDENTIFIER = com.Drive2StudyAppUITests;
				PRODUCT_NAME = "$(TARGET_NAME)";
				SWIFT_VERSION = 4.0;
				TARGETED_DEVICE_FAMILY = "1,2";
				TEST_TARGET_NAME = Drive2StudyApp;
			};
			name = Release;
		};
/* End XCBuildConfiguration section */

/* Begin XCConfigurationList section */
		D168232F1FEE712200A1527E /* Build configuration list for PBXProject "Drive2StudyApp" */ = {
			isa = XCConfigurationList;
			buildConfigurations = (
				D168235A1FEE712300A1527E /* Debug */,
				D168235B1FEE712300A1527E /* Release */,
			);
			defaultConfigurationIsVisible = 0;
			defaultConfigurationName = Release;
		};
		D168235C1FEE712300A1527E /* Build configuration list for PBXNativeTarget "Drive2StudyApp" */ = {
			isa = XCConfigurationList;
			buildConfigurations = (
				D168235D1FEE712300A1527E /* Debug */,
				D168235E1FEE712300A1527E /* Release */,
			);
			defaultConfigurationIsVisible = 0;
			defaultConfigurationName = Release;
		};
		D168235F1FEE712300A1527E /* Build configuration list for PBXNativeTarget "Drive2StudyAppTests" */ = {
			isa = XCConfigurationList;
			buildConfigurations = (
				D16823601FEE712300A1527E /* Debug */,
				D16823611FEE712300A1527E /* Release */,
			);
			defaultConfigurationIsVisible = 0;
			defaultConfigurationName = Release;
		};
		D16823621FEE712300A1527E /* Build configuration list for PBXNativeTarget "Drive2StudyAppUITests" */ = {
			isa = XCConfigurationList;
			buildConfigurations = (
				D16823631FEE712300A1527E /* Debug */,
				D16823641FEE712300A1527E /* Release */,
			);
			defaultConfigurationIsVisible = 0;
			defaultConfigurationName = Release;
		};
/* End XCConfigurationList section */
	};
	rootObject = D168232C1FEE712200A1527E /* Project object */;
}
